// !$*UTF8*$!
{
	archiveVersion = 1;
	classes = {
	};
	objectVersion = 46;
	objects = {

/* Begin PBXBuildFile section */
		ECA7FD101F8BBEC20050D1CD /* main.m in Sources */ = {isa = PBXBuildFile; fileRef = ECA7FD0F1F8BBEC20050D1CD /* main.m */; };
		ECA7FD131F8BBEC20050D1CD /* AppDelegate.m in Sources */ = {isa = PBXBuildFile; fileRef = ECA7FD121F8BBEC20050D1CD /* AppDelegate.m */; };
		ECA7FD161F8BBEC20050D1CD /* ViewController.m in Sources */ = {isa = PBXBuildFile; fileRef = ECA7FD151F8BBEC20050D1CD /* ViewController.m */; };
		ECA7FD191F8BBEC20050D1CD /* Main.storyboard in Resources */ = {isa = PBXBuildFile; fileRef = ECA7FD171F8BBEC20050D1CD /* Main.storyboard */; };
		ECA7FD1B1F8BBEC20050D1CD /* Assets.xcassets in Resources */ = {isa = PBXBuildFile; fileRef = ECA7FD1A1F8BBEC20050D1CD /* Assets.xcassets */; };
		ECA7FD1E1F8BBEC20050D1CD /* LaunchScreen.storyboard in Resources */ = {isa = PBXBuildFile; fileRef = ECA7FD1C1F8BBEC20050D1CD /* LaunchScreen.storyboard */; };
		ECBB1E451FEBA8BE00E5B3B0 /* JTCalendarSettings.m in Sources */ = {isa = PBXBuildFile; fileRef = ECBB1E211FEBA8BE00E5B3B0 /* JTCalendarSettings.m */; };
		ECBB1E461FEBA8BE00E5B3B0 /* JTDateHelper.m in Sources */ = {isa = PBXBuildFile; fileRef = ECBB1E221FEBA8BE00E5B3B0 /* JTDateHelper.m */; };
		ECBB1E471FEBA8BE00E5B3B0 /* JTCalendarScrollManager.m in Sources */ = {isa = PBXBuildFile; fileRef = ECBB1E281FEBA8BE00E5B3B0 /* JTCalendarScrollManager.m */; };
		ECBB1E481FEBA8BE00E5B3B0 /* JTCalendarDelegateManager.m in Sources */ = {isa = PBXBuildFile; fileRef = ECBB1E291FEBA8BE00E5B3B0 /* JTCalendarDelegateManager.m */; };
		ECBB1E491FEBA8BE00E5B3B0 /* JTCalendarManager.m in Sources */ = {isa = PBXBuildFile; fileRef = ECBB1E2B1FEBA8BE00E5B3B0 /* JTCalendarManager.m */; };
		ECBB1E4A1FEBA8BE00E5B3B0 /* JTVerticalCalendarView.m in Sources */ = {isa = PBXBuildFile; fileRef = ECBB1E301FEBA8BE00E5B3B0 /* JTVerticalCalendarView.m */; };
		ECBB1E4B1FEBA8BE00E5B3B0 /* JTCalendarWeekDayView.m in Sources */ = {isa = PBXBuildFile; fileRef = ECBB1E331FEBA8BE00E5B3B0 /* JTCalendarWeekDayView.m */; };
		ECBB1E4C1FEBA8BE00E5B3B0 /* JTHorizontalCalendarView.m in Sources */ = {isa = PBXBuildFile; fileRef = ECBB1E351FEBA8BE00E5B3B0 /* JTHorizontalCalendarView.m */; };
		ECBB1E4D1FEBA8BE00E5B3B0 /* JTCalendarWeekView.m in Sources */ = {isa = PBXBuildFile; fileRef = ECBB1E361FEBA8BE00E5B3B0 /* JTCalendarWeekView.m */; };
		ECBB1E4E1FEBA8BE00E5B3B0 /* JTCalendarDayView.m in Sources */ = {isa = PBXBuildFile; fileRef = ECBB1E381FEBA8BE00E5B3B0 /* JTCalendarDayView.m */; };
		ECBB1E4F1FEBA8BE00E5B3B0 /* JTCalendarPageView.m in Sources */ = {isa = PBXBuildFile; fileRef = ECBB1E391FEBA8BE00E5B3B0 /* JTCalendarPageView.m */; };
		ECBB1E501FEBA8BE00E5B3B0 /* JTCalendarMenuView.m in Sources */ = {isa = PBXBuildFile; fileRef = ECBB1E3B1FEBA8BE00E5B3B0 /* JTCalendarMenuView.m */; };
		ECBF8B011F8BCDA900BE81CF /* CoreText.framework in Frameworks */ = {isa = PBXBuildFile; fileRef = ECBF8B001F8BCDA900BE81CF /* CoreText.framework */; };
/* End PBXBuildFile section */

/* Begin PBXFileReference section */
		ECA7FD0B1F8BBEC20050D1CD /* CangTeacher.app */ = {isa = PBXFileReference; explicitFileType = wrapper.application; includeInIndex = 0; path = CangTeacher.app; sourceTree = BUILT_PRODUCTS_DIR; };
		ECA7FD0F1F8BBEC20050D1CD /* main.m */ = {isa = PBXFileReference; lastKnownFileType = sourcecode.c.objc; path = main.m; sourceTree = "<group>"; };
		ECA7FD111F8BBEC20050D1CD /* AppDelegate.h */ = {isa = PBXFileReference; lastKnownFileType = sourcecode.c.h; path = AppDelegate.h; sourceTree = "<group>"; };
		ECA7FD121F8BBEC20050D1CD /* AppDelegate.m */ = {isa = PBXFileReference; lastKnownFileType = sourcecode.c.objc; path = AppDelegate.m; sourceTree = "<group>"; };
		ECA7FD141F8BBEC20050D1CD /* ViewController.h */ = {isa = PBXFileReference; lastKnownFileType = sourcecode.c.h; path = ViewController.h; sourceTree = "<group>"; };
		ECA7FD151F8BBEC20050D1CD /* ViewController.m */ = {isa = PBXFileReference; lastKnownFileType = sourcecode.c.objc; path = ViewController.m; sourceTree = "<group>"; };
		ECA7FD181F8BBEC20050D1CD /* Base */ = {isa = PBXFileReference; lastKnownFileType = file.storyboard; name = Base; path = Base.lproj/Main.storyboard; sourceTree = "<group>"; };
		ECA7FD1A1F8BBEC20050D1CD /* Assets.xcassets */ = {isa = PBXFileReference; lastKnownFileType = folder.assetcatalog; path = Assets.xcassets; sourceTree = "<group>"; };
		ECA7FD1D1F8BBEC20050D1CD /* Base */ = {isa = PBXFileReference; lastKnownFileType = file.storyboard; name = Base; path = Base.lproj/LaunchScreen.storyboard; sourceTree = "<group>"; };
		ECA7FD1F1F8BBEC20050D1CD /* Info.plist */ = {isa = PBXFileReference; lastKnownFileType = text.plist.xml; path = Info.plist; sourceTree = "<group>"; };
		ECBB1E211FEBA8BE00E5B3B0 /* JTCalendarSettings.m */ = {isa = PBXFileReference; fileEncoding = 4; lastKnownFileType = sourcecode.c.objc; path = JTCalendarSettings.m; sourceTree = "<group>"; };
		ECBB1E221FEBA8BE00E5B3B0 /* JTDateHelper.m */ = {isa = PBXFileReference; fileEncoding = 4; lastKnownFileType = sourcecode.c.objc; path = JTDateHelper.m; sourceTree = "<group>"; };
		ECBB1E231FEBA8BE00E5B3B0 /* JTCalendarManager.h */ = {isa = PBXFileReference; fileEncoding = 4; lastKnownFileType = sourcecode.c.h; path = JTCalendarManager.h; sourceTree = "<group>"; };
		ECBB1E241FEBA8BE00E5B3B0 /* JTCalendar.h */ = {isa = PBXFileReference; fileEncoding = 4; lastKnownFileType = sourcecode.c.h; path = JTCalendar.h; sourceTree = "<group>"; };
		ECBB1E261FEBA8BE00E5B3B0 /* JTCalendarDelegateManager.h */ = {isa = PBXFileReference; fileEncoding = 4; lastKnownFileType = sourcecode.c.h; path = JTCalendarDelegateManager.h; sourceTree = "<group>"; };
		ECBB1E271FEBA8BE00E5B3B0 /* JTCalendarScrollManager.h */ = {isa = PBXFileReference; fileEncoding = 4; lastKnownFileType = sourcecode.c.h; path = JTCalendarScrollManager.h; sourceTree = "<group>"; };
		ECBB1E281FEBA8BE00E5B3B0 /* JTCalendarScrollManager.m */ = {isa = PBXFileReference; fileEncoding = 4; lastKnownFileType = sourcecode.c.objc; path = JTCalendarScrollManager.m; sourceTree = "<group>"; };
		ECBB1E291FEBA8BE00E5B3B0 /* JTCalendarDelegateManager.m */ = {isa = PBXFileReference; fileEncoding = 4; lastKnownFileType = sourcecode.c.objc; path = JTCalendarDelegateManager.m; sourceTree = "<group>"; };
		ECBB1E2A1FEBA8BE00E5B3B0 /* JTCalendarSettings.h */ = {isa = PBXFileReference; fileEncoding = 4; lastKnownFileType = sourcecode.c.h; path = JTCalendarSettings.h; sourceTree = "<group>"; };
		ECBB1E2B1FEBA8BE00E5B3B0 /* JTCalendarManager.m */ = {isa = PBXFileReference; fileEncoding = 4; lastKnownFileType = sourcecode.c.objc; path = JTCalendarManager.m; sourceTree = "<group>"; };
		ECBB1E2C1FEBA8BE00E5B3B0 /* JTDateHelper.h */ = {isa = PBXFileReference; fileEncoding = 4; lastKnownFileType = sourcecode.c.h; path = JTDateHelper.h; sourceTree = "<group>"; };
		ECBB1E2D1FEBA8BE00E5B3B0 /* JTCalendarDelegate.h */ = {isa = PBXFileReference; fileEncoding = 4; lastKnownFileType = sourcecode.c.h; path = JTCalendarDelegate.h; sourceTree = "<group>"; };
		ECBB1E2F1FEBA8BE00E5B3B0 /* JTCalendarDayView.h */ = {isa = PBXFileReference; fileEncoding = 4; lastKnownFileType = sourcecode.c.h; path = JTCalendarDayView.h; sourceTree = "<group>"; };
		ECBB1E301FEBA8BE00E5B3B0 /* JTVerticalCalendarView.m */ = {isa = PBXFileReference; fileEncoding = 4; lastKnownFileType = sourcecode.c.objc; path = JTVerticalCalendarView.m; sourceTree = "<group>"; };
		ECBB1E311FEBA8BE00E5B3B0 /* JTCalendarWeekView.h */ = {isa = PBXFileReference; fileEncoding = 4; lastKnownFileType = sourcecode.c.h; path = JTCalendarWeekView.h; sourceTree = "<group>"; };
		ECBB1E321FEBA8BE00E5B3B0 /* JTCalendarPageView.h */ = {isa = PBXFileReference; fileEncoding = 4; lastKnownFileType = sourcecode.c.h; path = JTCalendarPageView.h; sourceTree = "<group>"; };
		ECBB1E331FEBA8BE00E5B3B0 /* JTCalendarWeekDayView.m */ = {isa = PBXFileReference; fileEncoding = 4; lastKnownFileType = sourcecode.c.objc; path = JTCalendarWeekDayView.m; sourceTree = "<group>"; };
		ECBB1E341FEBA8BE00E5B3B0 /* JTCalendarMenuView.h */ = {isa = PBXFileReference; fileEncoding = 4; lastKnownFileType = sourcecode.c.h; path = JTCalendarMenuView.h; sourceTree = "<group>"; };
		ECBB1E351FEBA8BE00E5B3B0 /* JTHorizontalCalendarView.m */ = {isa = PBXFileReference; fileEncoding = 4; lastKnownFileType = sourcecode.c.objc; path = JTHorizontalCalendarView.m; sourceTree = "<group>"; };
		ECBB1E361FEBA8BE00E5B3B0 /* JTCalendarWeekView.m */ = {isa = PBXFileReference; fileEncoding = 4; lastKnownFileType = sourcecode.c.objc; path = JTCalendarWeekView.m; sourceTree = "<group>"; };
		ECBB1E371FEBA8BE00E5B3B0 /* JTVerticalCalendarView.h */ = {isa = PBXFileReference; fileEncoding = 4; lastKnownFileType = sourcecode.c.h; path = JTVerticalCalendarView.h; sourceTree = "<group>"; };
		ECBB1E381FEBA8BE00E5B3B0 /* JTCalendarDayView.m */ = {isa = PBXFileReference; fileEncoding = 4; lastKnownFileType = sourcecode.c.objc; path = JTCalendarDayView.m; sourceTree = "<group>"; };
		ECBB1E391FEBA8BE00E5B3B0 /* JTCalendarPageView.m */ = {isa = PBXFileReference; fileEncoding = 4; lastKnownFileType = sourcecode.c.objc; path = JTCalendarPageView.m; sourceTree = "<group>"; };
		ECBB1E3A1FEBA8BE00E5B3B0 /* JTHorizontalCalendarView.h */ = {isa = PBXFileReference; fileEncoding = 4; lastKnownFileType = sourcecode.c.h; path = JTHorizontalCalendarView.h; sourceTree = "<group>"; };
		ECBB1E3B1FEBA8BE00E5B3B0 /* JTCalendarMenuView.m */ = {isa = PBXFileReference; fileEncoding = 4; lastKnownFileType = sourcecode.c.objc; path = JTCalendarMenuView.m; sourceTree = "<group>"; };
		ECBB1E3C1FEBA8BE00E5B3B0 /* JTCalendarWeekDayView.h */ = {isa = PBXFileReference; fileEncoding = 4; lastKnownFileType = sourcecode.c.h; path = JTCalendarWeekDayView.h; sourceTree = "<group>"; };
		ECBB1E3E1FEBA8BE00E5B3B0 /* JTCalendarWeek.h */ = {isa = PBXFileReference; fileEncoding = 4; lastKnownFileType = sourcecode.c.h; path = JTCalendarWeek.h; sourceTree = "<group>"; };
		ECBB1E3F1FEBA8BE00E5B3B0 /* JTContent.h */ = {isa = PBXFileReference; fileEncoding = 4; lastKnownFileType = sourcecode.c.h; path = JTContent.h; sourceTree = "<group>"; };
		ECBB1E401FEBA8BE00E5B3B0 /* JTCalendarPage.h */ = {isa = PBXFileReference; fileEncoding = 4; lastKnownFileType = sourcecode.c.h; path = JTCalendarPage.h; sourceTree = "<group>"; };
		ECBB1E411FEBA8BE00E5B3B0 /* JTCalendarWeekDay.h */ = {isa = PBXFileReference; fileEncoding = 4; lastKnownFileType = sourcecode.c.h; path = JTCalendarWeekDay.h; sourceTree = "<group>"; };
		ECBB1E421FEBA8BE00E5B3B0 /* JTCalendarDay.h */ = {isa = PBXFileReference; fileEncoding = 4; lastKnownFileType = sourcecode.c.h; path = JTCalendarDay.h; sourceTree = "<group>"; };
		ECBB1E431FEBA8BE00E5B3B0 /* JTMenu.h */ = {isa = PBXFileReference; fileEncoding = 4; lastKnownFileType = sourcecode.c.h; path = JTMenu.h; sourceTree = "<group>"; };
		ECBF8AFE1F8BCD6700BE81CF /* PrefixHeader.pch */ = {isa = PBXFileReference; lastKnownFileType = sourcecode.c.h; path = PrefixHeader.pch; sourceTree = "<group>"; };
		ECBF8B001F8BCDA900BE81CF /* CoreText.framework */ = {isa = PBXFileReference; lastKnownFileType = wrapper.framework; name = CoreText.framework; path = System/Library/Frameworks/CoreText.framework; sourceTree = SDKROOT; };
		ECBF8B021F8BCE0400BE81CF /* CTHDefinition.h */ = {isa = PBXFileReference; lastKnownFileType = sourcecode.c.h; path = CTHDefinition.h; sourceTree = "<group>"; };
		ECBF8B031F8BCE1500BE81CF /* CTHMacros.h */ = {isa = PBXFileReference; lastKnownFileType = sourcecode.c.h; path = CTHMacros.h; sourceTree = "<group>"; };
/* End PBXFileReference section */

/* Begin PBXFrameworksBuildPhase section */
		ECA7FD081F8BBEC20050D1CD /* Frameworks */ = {
			isa = PBXFrameworksBuildPhase;
			buildActionMask = 2147483647;
			files = (
				ECBF8B011F8BCDA900BE81CF /* CoreText.framework in Frameworks */,
			);
			runOnlyForDeploymentPostprocessing = 0;
		};
/* End PBXFrameworksBuildPhase section */

/* Begin PBXGroup section */
		ECA7FD021F8BBEC20050D1CD = {
			isa = PBXGroup;
			children = (
				ECA7FD0D1F8BBEC20050D1CD /* CangTeacher */,
				ECA7FD0C1F8BBEC20050D1CD /* Products */,
				ECBF8AFF1F8BCDA900BE81CF /* Frameworks */,
			);
			sourceTree = "<group>";
		};
		ECA7FD0C1F8BBEC20050D1CD /* Products */ = {
			isa = PBXGroup;
			children = (
				ECA7FD0B1F8BBEC20050D1CD /* CangTeacher.app */,
			);
			name = Products;
			sourceTree = "<group>";
		};
		ECA7FD0D1F8BBEC20050D1CD /* CangTeacher */ = {
			isa = PBXGroup;
			children = (
				ECA7FD111F8BBEC20050D1CD /* AppDelegate.h */,
				ECA7FD141F8BBEC20050D1CD /* ViewController.h */,
				ECA7FD121F8BBEC20050D1CD /* AppDelegate.m */,
				ECA7FD151F8BBEC20050D1CD /* ViewController.m */,
				ECA7FD1F1F8BBEC20050D1CD /* Info.plist */,
				ECA7FD1A1F8BBEC20050D1CD /* Assets.xcassets */,
				ECBB1E201FEBA8BE00E5B3B0 /* JTCalendar */,
				ECA7FD1C1F8BBEC20050D1CD /* LaunchScreen.storyboard */,
				ECA7FD171F8BBEC20050D1CD /* Main.storyboard */,
				ECA7FD0E1F8BBEC20050D1CD /* Supporting Files */,
			);
			path = CangTeacher;
			sourceTree = "<group>";
		};
		ECA7FD0E1F8BBEC20050D1CD /* Supporting Files */ = {
			isa = PBXGroup;
			children = (
				ECA7FD0F1F8BBEC20050D1CD /* main.m */,
				ECBF8AFE1F8BCD6700BE81CF /* PrefixHeader.pch */,
				ECBF8B021F8BCE0400BE81CF /* CTHDefinition.h */,
				ECBF8B031F8BCE1500BE81CF /* CTHMacros.h */,
			);
			name = "Supporting Files";
			sourceTree = "<group>";
		};
		ECBB1E201FEBA8BE00E5B3B0 /* JTCalendar */ = {
			isa = PBXGroup;
			children = (
				ECBB1E241FEBA8BE00E5B3B0 /* JTCalendar.h */,
				ECBB1E2D1FEBA8BE00E5B3B0 /* JTCalendarDelegate.h */,
				ECBB1E231FEBA8BE00E5B3B0 /* JTCalendarManager.h */,
				ECBB1E2B1FEBA8BE00E5B3B0 /* JTCalendarManager.m */,
				ECBB1E2A1FEBA8BE00E5B3B0 /* JTCalendarSettings.h */,
				ECBB1E211FEBA8BE00E5B3B0 /* JTCalendarSettings.m */,
				ECBB1E2C1FEBA8BE00E5B3B0 /* JTDateHelper.h */,
				ECBB1E221FEBA8BE00E5B3B0 /* JTDateHelper.m */,
				ECBB1E251FEBA8BE00E5B3B0 /* Managers */,
				ECBB1E3D1FEBA8BE00E5B3B0 /* Protocols */,
				ECBB1E2E1FEBA8BE00E5B3B0 /* Views */,
			);
			path = JTCalendar;
			sourceTree = "<group>";
		};
		ECBB1E251FEBA8BE00E5B3B0 /* Managers */ = {
			isa = PBXGroup;
			children = (
				ECBB1E261FEBA8BE00E5B3B0 /* JTCalendarDelegateManager.h */,
				ECBB1E291FEBA8BE00E5B3B0 /* JTCalendarDelegateManager.m */,
				ECBB1E271FEBA8BE00E5B3B0 /* JTCalendarScrollManager.h */,
				ECBB1E281FEBA8BE00E5B3B0 /* JTCalendarScrollManager.m */,
			);
			path = Managers;
			sourceTree = "<group>";
		};
		ECBB1E2E1FEBA8BE00E5B3B0 /* Views */ = {
			isa = PBXGroup;
			children = (
				ECBB1E2F1FEBA8BE00E5B3B0 /* JTCalendarDayView.h */,
				ECBB1E381FEBA8BE00E5B3B0 /* JTCalendarDayView.m */,
				ECBB1E341FEBA8BE00E5B3B0 /* JTCalendarMenuView.h */,
				ECBB1E3B1FEBA8BE00E5B3B0 /* JTCalendarMenuView.m */,
				ECBB1E321FEBA8BE00E5B3B0 /* JTCalendarPageView.h */,
				ECBB1E391FEBA8BE00E5B3B0 /* JTCalendarPageView.m */,
				ECBB1E3C1FEBA8BE00E5B3B0 /* JTCalendarWeekDayView.h */,
				ECBB1E331FEBA8BE00E5B3B0 /* JTCalendarWeekDayView.m */,
				ECBB1E311FEBA8BE00E5B3B0 /* JTCalendarWeekView.h */,
				ECBB1E361FEBA8BE00E5B3B0 /* JTCalendarWeekView.m */,
				ECBB1E3A1FEBA8BE00E5B3B0 /* JTHorizontalCalendarView.h */,
				ECBB1E351FEBA8BE00E5B3B0 /* JTHorizontalCalendarView.m */,
				ECBB1E371FEBA8BE00E5B3B0 /* JTVerticalCalendarView.h */,
				ECBB1E301FEBA8BE00E5B3B0 /* JTVerticalCalendarView.m */,
			);
			path = Views;
			sourceTree = "<group>";
		};
		ECBB1E3D1FEBA8BE00E5B3B0 /* Protocols */ = {
			isa = PBXGroup;
			children = (
				ECBB1E3E1FEBA8BE00E5B3B0 /* JTCalendarWeek.h */,
				ECBB1E3F1FEBA8BE00E5B3B0 /* JTContent.h */,
				ECBB1E401FEBA8BE00E5B3B0 /* JTCalendarPage.h */,
				ECBB1E411FEBA8BE00E5B3B0 /* JTCalendarWeekDay.h */,
				ECBB1E421FEBA8BE00E5B3B0 /* JTCalendarDay.h */,
				ECBB1E431FEBA8BE00E5B3B0 /* JTMenu.h */,
			);
			path = Protocols;
			sourceTree = "<group>";
		};
		ECBF8AFF1F8BCDA900BE81CF /* Frameworks */ = {
			isa = PBXGroup;
			children = (
				ECBF8B001F8BCDA900BE81CF /* CoreText.framework */,
			);
			name = Frameworks;
			sourceTree = "<group>";
		};
/* End PBXGroup section */

/* Begin PBXNativeTarget section */
		ECA7FD0A1F8BBEC20050D1CD /* CangTeacher */ = {
			isa = PBXNativeTarget;
			buildConfigurationList = ECA7FD221F8BBEC20050D1CD /* Build configuration list for PBXNativeTarget "CangTeacher" */;
			buildPhases = (
				ECA7FD071F8BBEC20050D1CD /* Sources */,
				ECA7FD081F8BBEC20050D1CD /* Frameworks */,
				ECA7FD091F8BBEC20050D1CD /* Resources */,
			);
			buildRules = (
			);
			dependencies = (
			);
			name = CangTeacher;
			productName = CangTeacher;
			productReference = ECA7FD0B1F8BBEC20050D1CD /* CangTeacher.app */;
			productType = "com.apple.product-type.application";
		};
/* End PBXNativeTarget section */

/* Begin PBXProject section */
		ECA7FD031F8BBEC20050D1CD /* Project object */ = {
			isa = PBXProject;
			attributes = {
				LastUpgradeCheck = 0830;
				ORGANIZATIONNAME = Joe.Pen;
				TargetAttributes = {
					ECA7FD0A1F8BBEC20050D1CD = {
						CreatedOnToolsVersion = 8.3.1;
						DevelopmentTeam = TL4R9BXB5H;
						ProvisioningStyle = Manual;
					};
				};
			};
			buildConfigurationList = ECA7FD061F8BBEC20050D1CD /* Build configuration list for PBXProject "CangTeacher" */;
			compatibilityVersion = "Xcode 3.2";
			developmentRegion = English;
			hasScannedForEncodings = 0;
			knownRegions = (
				en,
				Base,
			);
			mainGroup = ECA7FD021F8BBEC20050D1CD;
			productRefGroup = ECA7FD0C1F8BBEC20050D1CD /* Products */;
			projectDirPath = "";
			projectRoot = "";
			targets = (
				ECA7FD0A1F8BBEC20050D1CD /* CangTeacher */,
			);
		};
/* End PBXProject section */

/* Begin PBXResourcesBuildPhase section */
		ECA7FD091F8BBEC20050D1CD /* Resources */ = {
			isa = PBXResourcesBuildPhase;
			buildActionMask = 2147483647;
			files = (
				ECA7FD1E1F8BBEC20050D1CD /* LaunchScreen.storyboard in Resources */,
				ECA7FD1B1F8BBEC20050D1CD /* Assets.xcassets in Resources */,
				ECA7FD191F8BBEC20050D1CD /* Main.storyboard in Resources */,
			);
			runOnlyForDeploymentPostprocessing = 0;
		};
/* End PBXResourcesBuildPhase section */

/* Begin PBXSourcesBuildPhase section */
		ECA7FD071F8BBEC20050D1CD /* Sources */ = {
			isa = PBXSourcesBuildPhase;
			buildActionMask = 2147483647;
			files = (
				ECBB1E471FEBA8BE00E5B3B0 /* JTCalendarScrollManager.m in Sources */,
				ECBB1E4B1FEBA8BE00E5B3B0 /* JTCalendarWeekDayView.m in Sources */,
				ECBB1E491FEBA8BE00E5B3B0 /* JTCalendarManager.m in Sources */,
				ECBB1E481FEBA8BE00E5B3B0 /* JTCalendarDelegateManager.m in Sources */,
				ECBB1E4C1FEBA8BE00E5B3B0 /* JTHorizontalCalendarView.m in Sources */,
				ECBB1E461FEBA8BE00E5B3B0 /* JTDateHelper.m in Sources */,
				ECBB1E451FEBA8BE00E5B3B0 /* JTCalendarSettings.m in Sources */,
				ECA7FD161F8BBEC20050D1CD /* ViewController.m in Sources */,
				ECBB1E4A1FEBA8BE00E5B3B0 /* JTVerticalCalendarView.m in Sources */,
				ECA7FD131F8BBEC20050D1CD /* AppDelegate.m in Sources */,
				ECBB1E501FEBA8BE00E5B3B0 /* JTCalendarMenuView.m in Sources */,
				ECBB1E4D1FEBA8BE00E5B3B0 /* JTCalendarWeekView.m in Sources */,
				ECBB1E4F1FEBA8BE00E5B3B0 /* JTCalendarPageView.m in Sources */,
				ECA7FD101F8BBEC20050D1CD /* main.m in Sources */,
				ECBB1E4E1FEBA8BE00E5B3B0 /* JTCalendarDayView.m in Sources */,
			);
			runOnlyForDeploymentPostprocessing = 0;
		};
/* End PBXSourcesBuildPhase section */

/* Begin PBXVariantGroup section */
		ECA7FD171F8BBEC20050D1CD /* Main.storyboard */ = {
			isa = PBXVariantGroup;
			children = (
				ECA7FD181F8BBEC20050D1CD /* Base */,
			);
			name = Main.storyboard;
			sourceTree = "<group>";
		};
		ECA7FD1C1F8BBEC20050D1CD /* LaunchScreen.storyboard */ = {
			isa = PBXVariantGroup;
			children = (
				ECA7FD1D1F8BBEC20050D1CD /* Base */,
			);
			name = LaunchScreen.storyboard;
			sourceTree = "<group>";
		};
/* End PBXVariantGroup section */

/* Begin XCBuildConfiguration section */
		ECA7FD201F8BBEC20050D1CD /* Debug */ = {
			isa = XCBuildConfiguration;
			buildSettings = {
				ALWAYS_SEARCH_USER_PATHS = NO;
				CLANG_ANALYZER_NONNULL = YES;
				CLANG_ANALYZER_NUMBER_OBJECT_CONVERSION = YES_AGGRESSIVE;
				CLANG_CXX_LANGUAGE_STANDARD = "gnu++0x";
				CLANG_CXX_LIBRARY = "libc++";
				CLANG_ENABLE_MODULES = YES;
				CLANG_ENABLE_OBJC_ARC = YES;
				CLANG_WARN_BOOL_CONVERSION = YES;
				CLANG_WARN_CONSTANT_CONVERSION = YES;
				CLANG_WARN_DIRECT_OBJC_ISA_USAGE = YES_ERROR;
				CLANG_WARN_DOCUMENTATION_COMMENTS = YES;
				CLANG_WARN_EMPTY_BODY = YES;
				CLANG_WARN_ENUM_CONVERSION = YES;
				CLANG_WARN_INFINITE_RECURSION = YES;
				CLANG_WARN_INT_CONVERSION = YES;
				CLANG_WARN_OBJC_ROOT_CLASS = YES_ERROR;
				CLANG_WARN_SUSPICIOUS_MOVE = YES;
				CLANG_WARN_UNREACHABLE_CODE = YES;
				CLANG_WARN__DUPLICATE_METHOD_MATCH = YES;
				"CODE_SIGN_IDENTITY[sdk=iphoneos*]" = "iPhone Developer";
				COPY_PHASE_STRIP = NO;
				DEBUG_INFORMATION_FORMAT = dwarf;
				ENABLE_STRICT_OBJC_MSGSEND = YES;
				ENABLE_TESTABILITY = YES;
				GCC_C_LANGUAGE_STANDARD = gnu99;
				GCC_DYNAMIC_NO_PIC = NO;
				GCC_NO_COMMON_BLOCKS = YES;
				GCC_OPTIMIZATION_LEVEL = 0;
				GCC_PREPROCESSOR_DEFINITIONS = (
					"DEBUG=1",
					"$(inherited)",
				);
				GCC_WARN_64_TO_32_BIT_CONVERSION = YES;
				GCC_WARN_ABOUT_RETURN_TYPE = YES_ERROR;
				GCC_WARN_UNDECLARED_SELECTOR = YES;
				GCC_WARN_UNINITIALIZED_AUTOS = YES_AGGRESSIVE;
				GCC_WARN_UNUSED_FUNCTION = YES;
				GCC_WARN_UNUSED_VARIABLE = YES;
				IPHONEOS_DEPLOYMENT_TARGET = 10.3;
				MTL_ENABLE_DEBUG_INFO = YES;
				ONLY_ACTIVE_ARCH = YES;
				SDKROOT = iphoneos;
				TARGETED_DEVICE_FAMILY = "1,2";
			};
			name = Debug;
		};
		ECA7FD211F8BBEC20050D1CD /* Release */ = {
			isa = XCBuildConfiguration;
			buildSettings = {
				ALWAYS_SEARCH_USER_PATHS = NO;
				CLANG_ANALYZER_NONNULL = YES;
				CLANG_ANALYZER_NUMBER_OBJECT_CONVERSION = YES_AGGRESSIVE;
				CLANG_CXX_LANGUAGE_STANDARD = "gnu++0x";
				CLANG_CXX_LIBRARY = "libc++";
				CLANG_ENABLE_MODULES = YES;
				CLANG_ENABLE_OBJC_ARC = YES;
				CLANG_WARN_BOOL_CONVERSION = YES;
				CLANG_WARN_CONSTANT_CONVERSION = YES;
				CLANG_WARN_DIRECT_OBJC_ISA_USAGE = YES_ERROR;
				CLANG_WARN_DOCUMENTATION_COMMENTS = YES;
				CLANG_WARN_EMPTY_BODY = YES;
				CLANG_WARN_ENUM_CONVERSION = YES;
				CLANG_WARN_INFINITE_RECURSION = YES;
				CLANG_WARN_INT_CONVERSION = YES;
				CLANG_WARN_OBJC_ROOT_CLASS = YES_ERROR;
				CLANG_WARN_SUSPICIOUS_MOVE = YES;
				CLANG_WARN_UNREACHABLE_CODE = YES;
				CLANG_WARN__DUPLICATE_METHOD_MATCH = YES;
				"CODE_SIGN_IDENTITY[sdk=iphoneos*]" = "iPhone Developer";
				COPY_PHASE_STRIP = NO;
				DEBUG_INFORMATION_FORMAT = "dwarf-with-dsym";
				ENABLE_NS_ASSERTIONS = NO;
				ENABLE_STRICT_OBJC_MSGSEND = YES;
				GCC_C_LANGUAGE_STANDARD = gnu99;
				GCC_NO_COMMON_BLOCKS = YES;
				GCC_WARN_64_TO_32_BIT_CONVERSION = YES;
				GCC_WARN_ABOUT_RETURN_TYPE = YES_ERROR;
				GCC_WARN_UNDECLARED_SELECTOR = YES;
				GCC_WARN_UNINITIALIZED_AUTOS = YES_AGGRESSIVE;
				GCC_WARN_UNUSED_FUNCTION = YES;
				GCC_WARN_UNUSED_VARIABLE = YES;
				IPHONEOS_DEPLOYMENT_TARGET = 10.3;
				MTL_ENABLE_DEBUG_INFO = NO;
				SDKROOT = iphoneos;
				TARGETED_DEVICE_FAMILY = "1,2";
				VALIDATE_PRODUCT = YES;
			};
			name = Release;
		};
		ECA7FD231F8BBEC20050D1CD /* Debug */ = {
			isa = XCBuildConfiguration;
			buildSettings = {
				ASSETCATALOG_COMPILER_APPICON_NAME = AppIcon;
				"CODE_SIGN_IDENTITY[sdk=iphoneos*]" = "iPhone Developer";
				CODE_SIGN_STYLE = Manual;
				DEVELOPMENT_TEAM = TL4R9BXB5H;
				GCC_PREFIX_HEADER = "$(SRCROOT)/CangTeacher/PrefixHeader.pch";
				INFOPLIST_FILE = CangTeacher/Info.plist;
				IPHONEOS_DEPLOYMENT_TARGET = 8.0;
				LD_RUNPATH_SEARCH_PATHS = "$(inherited) @executable_path/Frameworks";
				PRODUCT_BUNDLE_IDENTIFIER = com.xwbank.CangTeacher;
				PRODUCT_NAME = "$(TARGET_NAME)";
				PROVISIONING_PROFILE = "8950d4a6-0a54-47d5-bd1b-652188c1decc";
				PROVISIONING_PROFILE_SPECIFIER = WildDevelopment;
			};
			name = Debug;
		};
		ECA7FD241F8BBEC20050D1CD /* Release */ = {
			isa = XCBuildConfiguration;
			buildSettings = {
				ASSETCATALOG_COMPILER_APPICON_NAME = AppIcon;
				"CODE_SIGN_IDENTITY[sdk=iphoneos*]" = "iPhone Developer";
				CODE_SIGN_STYLE = Manual;
				DEVELOPMENT_TEAM = TL4R9BXB5H;
				GCC_PREFIX_HEADER = "$(SRCROOT)/CangTeacher/PrefixHeader.pch";
				INFOPLIST_FILE = CangTeacher/Info.plist;
				IPHONEOS_DEPLOYMENT_TARGET = 8.0;
				LD_RUNPATH_SEARCH_PATHS = "$(inherited) @executable_path/Frameworks";
				PRODUCT_BUNDLE_IDENTIFIER = com.xwbank.CangTeacher;
				PRODUCT_NAME = "$(TARGET_NAME)";
				PROVISIONING_PROFILE = "8950d4a6-0a54-47d5-bd1b-652188c1decc";
				PROVISIONING_PROFILE_SPECIFIER = WildDevelopment;
			};
			name = Release;
		};
/* End XCBuildConfiguration section */

/* Begin XCConfigurationList section */
		ECA7FD061F8BBEC20050D1CD /* Build configuration list for PBXProject "CangTeacher" */ = {
			isa = XCConfigurationList;
			buildConfigurations = (
				ECA7FD201F8BBEC20050D1CD /* Debug */,
				ECA7FD211F8BBEC20050D1CD /* Release */,
			);
			defaultConfigurationIsVisible = 0;
			defaultConfigurationName = Release;
		};
		ECA7FD221F8BBEC20050D1CD /* Build configuration list for PBXNativeTarget "CangTeacher" */ = {
			isa = XCConfigurationList;
			buildConfigurations = (
				ECA7FD231F8BBEC20050D1CD /* Debug */,
				ECA7FD241F8BBEC20050D1CD /* Release */,
			);
			defaultConfigurationIsVisible = 0;
			defaultConfigurationName = Release;
		};
/* End XCConfigurationList section */
	};
	rootObject = ECA7FD031F8BBEC20050D1CD /* Project object */;
}
